# This file is generated by running "yarn install" inside your project.
# Manual changes might be lost - proceed with caution!

__metadata:
  version: 8
  cacheKey: 10c0

"bundle-name@npm:^4.1.0":
  version: 4.1.0
  resolution: "bundle-name@npm:4.1.0"
  dependencies:
    run-applescript: "npm:^7.0.0"
  checksum: 10c0/8e575981e79c2bcf14d8b1c027a3775c095d362d1382312f444a7c861b0e21513c0bd8db5bd2b16e50ba0709fa622d4eab6b53192d222120305e68359daece29
  languageName: node
  linkType: hard

"default-browser-id@npm:^5.0.0":
  version: 5.0.1
  resolution: "default-browser-id@npm:5.0.1"
  checksum: 10c0/5288b3094c740ef3a86df9b999b04ff5ba4dee6b64e7b355c0fff5217752c8c86908d67f32f6cba9bb4f9b7b61a1b640c0a4f9e34c57e0ff3493559a625245ee
  languageName: node
  linkType: hard

"default-browser@npm:^5.2.1":
  version: 5.4.0
  resolution: "default-browser@npm:5.4.0"
  dependencies:
    bundle-name: "npm:^4.1.0"
    default-browser-id: "npm:^5.0.0"
  checksum: 10c0/a49ddd0c7b1a319163f64a5fc68ebb45a98548ea23a3155e04518f026173d85cfa2f451b646366c36c8f70b01e4cb773e23d1d22d2c61d8b84e5fbf151b4b609
  languageName: node
  linkType: hard

"define-lazy-prop@npm:^3.0.0":
  version: 3.0.0
  resolution: "define-lazy-prop@npm:3.0.0"
  checksum: 10c0/5ab0b2bf3fa58b3a443140bbd4cd3db1f91b985cc8a246d330b9ac3fc0b6a325a6d82bddc0b055123d745b3f9931afeea74a5ec545439a1630b9c8512b0eeb49
  languageName: node
  linkType: hard

"is-docker@npm:^3.0.0":
  version: 3.0.0
  resolution: "is-docker@npm:3.0.0"
  bin:
    is-docker: cli.js
  checksum: 10c0/d2c4f8e6d3e34df75a5defd44991b6068afad4835bb783b902fa12d13ebdb8f41b2a199dcb0b5ed2cb78bfee9e4c0bbdb69c2d9646f4106464674d3e697a5856
  languageName: node
  linkType: hard

"is-inside-container@npm:^1.0.0":
  version: 1.0.0
  resolution: "is-inside-container@npm:1.0.0"
  dependencies:
    is-docker: "npm:^3.0.0"
  bin:
    is-inside-container: cli.js
  checksum: 10c0/a8efb0e84f6197e6ff5c64c52890fa9acb49b7b74fed4da7c95383965da6f0fa592b4dbd5e38a79f87fc108196937acdbcd758fcefc9b140e479b39ce1fcd1cd
  languageName: node
  linkType: hard

"is-wsl@npm:^3.1.0":
  version: 3.1.0
  resolution: "is-wsl@npm:3.1.0"
  dependencies:
    is-inside-container: "npm:^1.0.0"
  checksum: 10c0/d3317c11995690a32c362100225e22ba793678fe8732660c6de511ae71a0ff05b06980cf21f98a6bf40d7be0e9e9506f859abe00a1118287d63e53d0a3d06947
  languageName: node
  linkType: hard

"open@npm:^10.2.0":
  version: 10.2.0
  resolution: "open@npm:10.2.0"
  dependencies:
    default-browser: "npm:^5.2.1"
    define-lazy-prop: "npm:^3.0.0"
    is-inside-container: "npm:^1.0.0"
    wsl-utils: "npm:^0.1.0"
  checksum: 10c0/5a36d0c1fd2f74ce553beb427ca8b8494b623fc22c6132d0c1688f246a375e24584ea0b44c67133d9ab774fa69be8e12fbe1ff12504b1142bd960fb09671948f
  languageName: node
  linkType: hard

"run-applescript@npm:^7.0.0":
  version: 7.1.0
  resolution: "run-applescript@npm:7.1.0"
  checksum: 10c0/ab826c57c20f244b2ee807704b1ef4ba7f566aa766481ae5922aac785e2570809e297c69afcccc3593095b538a8a77d26f2b2e9a1d9dffee24e0e039502d1a03
  languageName: node
  linkType: hard

"wsl-utils@npm:^0.1.0":
  version: 0.1.0
  resolution: "wsl-utils@npm:0.1.0"
  dependencies:
    is-wsl: "npm:^3.1.0"
  checksum: 10c0/44318f3585eb97be994fc21a20ddab2649feaf1fbe893f1f866d936eea3d5f8c743bec6dc02e49fbdd3c0e69e9b36f449d90a0b165a4f47dd089747af4cf2377
  languageName: node
  linkType: hard

"zenn-cli@npm:^0.2.10":
  version: 0.2.10
  resolution: "zenn-cli@npm:0.2.10"
  dependencies:
    open: "npm:^10.2.0"
  bin:
    zenn: dist/server/zenn.js
  checksum: 10c0/597d964a2ec628c2ca7a5ca690b1fb6c220795bcc22a479a589245fc958cc3a90d7dd787827e4872de8d6484463da9abbb14dcc8223585c07c1d76563064a33d
  languageName: node
  linkType: hard

"zenn-content@workspace:.":
  version: 0.0.0-use.local
  resolution: "zenn-content@workspace:."
  dependencies:
    zenn-cli: "npm:^0.2.10"
  languageName: unknown
  linkType: soft
